// !$*UTF8*$!
{
	archiveVersion = 1;
	classes = {
	};
	objectVersion = 56;
	objects = {

/* Begin PBXBuildFile section */
		1B5B2AE62993BBAA00DFB5C2 /* AppDelegate.swift in Sources */ = {isa = PBXBuildFile; fileRef = 1B5B2AE52993BBAA00DFB5C2 /* AppDelegate.swift */; };
		1B5B2AE82993BBAA00DFB5C2 /* SceneDelegate.swift in Sources */ = {isa = PBXBuildFile; fileRef = 1B5B2AE72993BBAA00DFB5C2 /* SceneDelegate.swift */; };
		1B5B2AEF2993BBAB00DFB5C2 /* Assets.xcassets in Resources */ = {isa = PBXBuildFile; fileRef = 1B5B2AEE2993BBAB00DFB5C2 /* Assets.xcassets */; };
		1B5B2AF22993BBAB00DFB5C2 /* LaunchScreen.storyboard in Resources */ = {isa = PBXBuildFile; fileRef = 1B5B2AF02993BBAB00DFB5C2 /* LaunchScreen.storyboard */; };
		1B5B2B022993BCB300DFB5C2 /* GoogleService-Info.plist in Resources */ = {isa = PBXBuildFile; fileRef = 1B5B2AFD2993BCB300DFB5C2 /* GoogleService-Info.plist */; };
		1B5B2B052993BD1800DFB5C2 /* Constants.swift in Sources */ = {isa = PBXBuildFile; fileRef = 1B5B2B042993BD1800DFB5C2 /* Constants.swift */; };
		1B71DA1C2993BDC5006E73D7 /* Main.storyboard in Resources */ = {isa = PBXBuildFile; fileRef = 1B71DA192993BDC5006E73D7 /* Main.storyboard */; };
		1B71DA1D2993BDC5006E73D7 /* MessageCell.swift in Sources */ = {isa = PBXBuildFile; fileRef = 1B71DA1A2993BDC5006E73D7 /* MessageCell.swift */; };
		1B71DA1E2993BDC5006E73D7 /* MessageCell.xib in Resources */ = {isa = PBXBuildFile; fileRef = 1B71DA1B2993BDC5006E73D7 /* MessageCell.xib */; };
		1B71DA242993BDFD006E73D7 /* LoginViewController.swift in Sources */ = {isa = PBXBuildFile; fileRef = 1B71DA202993BDFD006E73D7 /* LoginViewController.swift */; };
		1B71DA252993BDFD006E73D7 /* RegisterViewController.swift in Sources */ = {isa = PBXBuildFile; fileRef = 1B71DA212993BDFD006E73D7 /* RegisterViewController.swift */; };
		1B71DA262993BDFD006E73D7 /* ChatViewController.swift in Sources */ = {isa = PBXBuildFile; fileRef = 1B71DA222993BDFD006E73D7 /* ChatViewController.swift */; };
		1B71DA272993BDFD006E73D7 /* WelcomeViewController.swift in Sources */ = {isa = PBXBuildFile; fileRef = 1B71DA232993BDFD006E73D7 /* WelcomeViewController.swift */; };
		1BA45CE62993C82200FD55BF /* Message.swift in Sources */ = {isa = PBXBuildFile; fileRef = 1BA45CE52993C82200FD55BF /* Message.swift */; };
		95D7371B5EE82DAC749AE9F4 /* Pods_Simple_Chat_App.framework in Frameworks */ = {isa = PBXBuildFile; fileRef = A20D09E0A386A4240B41F7F2 /* Pods_Simple_Chat_App.framework */; };
/* End PBXBuildFile section */

/* Begin PBXFileReference section */
		06FED6EFD2BFE1D8DDD93652 /* Pods-Simple Chat App.release.xcconfig */ = {isa = PBXFileReference; includeInIndex = 1; lastKnownFileType = text.xcconfig; name = "Pods-Simple Chat App.release.xcconfig"; path = "Target Support Files/Pods-Simple Chat App/Pods-Simple Chat App.release.xcconfig"; sourceTree = "<group>"; };
		1B5B2AE22993BBAA00DFB5C2 /* Simple Chat App.app */ = {isa = PBXFileReference; explicitFileType = wrapper.application; includeInIndex = 0; path = "Simple Chat App.app"; sourceTree = BUILT_PRODUCTS_DIR; };
		1B5B2AE52993BBAA00DFB5C2 /* AppDelegate.swift */ = {isa = PBXFileReference; lastKnownFileType = sourcecode.swift; path = AppDelegate.swift; sourceTree = "<group>"; };
		1B5B2AE72993BBAA00DFB5C2 /* SceneDelegate.swift */ = {isa = PBXFileReference; lastKnownFileType = sourcecode.swift; path = SceneDelegate.swift; sourceTree = "<group>"; };
		1B5B2AEE2993BBAB00DFB5C2 /* Assets.xcassets */ = {isa = PBXFileReference; lastKnownFileType = folder.assetcatalog; path = Assets.xcassets; sourceTree = "<group>"; };
		1B5B2AF12993BBAB00DFB5C2 /* Base */ = {isa = PBXFileReference; lastKnownFileType = file.storyboard; name = Base; path = Base.lproj/LaunchScreen.storyboard; sourceTree = "<group>"; };
		1B5B2AF32993BBAB00DFB5C2 /* Info.plist */ = {isa = PBXFileReference; lastKnownFileType = text.plist.xml; path = Info.plist; sourceTree = "<group>"; };
		1B5B2AFD2993BCB300DFB5C2 /* GoogleService-Info.plist */ = {isa = PBXFileReference; fileEncoding = 4; lastKnownFileType = text.plist.xml; path = "GoogleService-Info.plist"; sourceTree = "<group>"; };
		1B5B2B042993BD1800DFB5C2 /* Constants.swift */ = {isa = PBXFileReference; lastKnownFileType = sourcecode.swift; path = Constants.swift; sourceTree = "<group>"; };
		1B71DA192993BDC5006E73D7 /* Main.storyboard */ = {isa = PBXFileReference; fileEncoding = 4; lastKnownFileType = file.storyboard; path = Main.storyboard; sourceTree = "<group>"; };
		1B71DA1A2993BDC5006E73D7 /* MessageCell.swift */ = {isa = PBXFileReference; fileEncoding = 4; lastKnownFileType = sourcecode.swift; path = MessageCell.swift; sourceTree = "<group>"; };
		1B71DA1B2993BDC5006E73D7 /* MessageCell.xib */ = {isa = PBXFileReference; fileEncoding = 4; lastKnownFileType = file.xib; path = MessageCell.xib; sourceTree = "<group>"; };
		1B71DA202993BDFD006E73D7 /* LoginViewController.swift */ = {isa = PBXFileReference; fileEncoding = 4; lastKnownFileType = sourcecode.swift; path = LoginViewController.swift; sourceTree = "<group>"; };
		1B71DA212993BDFD006E73D7 /* RegisterViewController.swift */ = {isa = PBXFileReference; fileEncoding = 4; lastKnownFileType = sourcecode.swift; path = RegisterViewController.swift; sourceTree = "<group>"; };
		1B71DA222993BDFD006E73D7 /* ChatViewController.swift */ = {isa = PBXFileReference; fileEncoding = 4; lastKnownFileType = sourcecode.swift; path = ChatViewController.swift; sourceTree = "<group>"; };
		1B71DA232993BDFD006E73D7 /* WelcomeViewController.swift */ = {isa = PBXFileReference; fileEncoding = 4; lastKnownFileType = sourcecode.swift; path = WelcomeViewController.swift; sourceTree = "<group>"; };
		1BA45CE52993C82200FD55BF /* Message.swift */ = {isa = PBXFileReference; lastKnownFileType = sourcecode.swift; path = Message.swift; sourceTree = "<group>"; };
		A20D09E0A386A4240B41F7F2 /* Pods_Simple_Chat_App.framework */ = {isa = PBXFileReference; explicitFileType = wrapper.framework; includeInIndex = 0; path = Pods_Simple_Chat_App.framework; sourceTree = BUILT_PRODUCTS_DIR; };
		AB5B0517B24168E4D13A028E /* Pods-Simple Chat App.debug.xcconfig */ = {isa = PBXFileReference; includeInIndex = 1; lastKnownFileType = text.xcconfig; name = "Pods-Simple Chat App.debug.xcconfig"; path = "Target Support Files/Pods-Simple Chat App/Pods-Simple Chat App.debug.xcconfig"; sourceTree = "<group>"; };
/* End PBXFileReference section */

/* Begin PBXFrameworksBuildPhase section */
		1B5B2ADF2993BBAA00DFB5C2 /* Frameworks */ = {
			isa = PBXFrameworksBuildPhase;
			buildActionMask = 2147483647;
			files = (
				95D7371B5EE82DAC749AE9F4 /* Pods_Simple_Chat_App.framework in Frameworks */,
			);
			runOnlyForDeploymentPostprocessing = 0;
		};
/* End PBXFrameworksBuildPhase section */

/* Begin PBXGroup section */
		1B5B2AD92993BBAA00DFB5C2 = {
			isa = PBXGroup;
			children = (
				1B5B2AE42993BBAA00DFB5C2 /* Simple Chat App */,
				1B5B2AE32993BBAA00DFB5C2 /* Products */,
				9D2FEAA729301C92B3C68CD1 /* Pods */,
				4C5D43DE2C95572A766F2B74 /* Frameworks */,
			);
			sourceTree = "<group>";
		};
		1B5B2AE32993BBAA00DFB5C2 /* Products */ = {
			isa = PBXGroup;
			children = (
				1B5B2AE22993BBAA00DFB5C2 /* Simple Chat App.app */,
			);
			name = Products;
			sourceTree = "<group>";
		};
		1B5B2AE42993BBAA00DFB5C2 /* Simple Chat App */ = {
			isa = PBXGroup;
			children = (
				1B5B2AE52993BBAA00DFB5C2 /* AppDelegate.swift */,
				1B5B2AE72993BBAA00DFB5C2 /* SceneDelegate.swift */,
				1BA45CE42993C80E00FD55BF /* Models */,
				1B71DA182993BDB7006E73D7 /* Views */,
				1B71DA1F2993BDE3006E73D7 /* Controllers */,
				1B5B2AEE2993BBAB00DFB5C2 /* Assets.xcassets */,
				1B5B2B042993BD1800DFB5C2 /* Constants.swift */,
				1B5B2AF02993BBAB00DFB5C2 /* LaunchScreen.storyboard */,
				1B5B2AF32993BBAB00DFB5C2 /* Info.plist */,
				1B5B2AFD2993BCB300DFB5C2 /* GoogleService-Info.plist */,
			);
			path = "Simple Chat App";
			sourceTree = "<group>";
		};
		1B71DA182993BDB7006E73D7 /* Views */ = {
			isa = PBXGroup;
			children = (
				1B71DA192993BDC5006E73D7 /* Main.storyboard */,
				1B71DA1A2993BDC5006E73D7 /* MessageCell.swift */,
				1B71DA1B2993BDC5006E73D7 /* MessageCell.xib */,
			);
			path = Views;
			sourceTree = "<group>";
		};
		1B71DA1F2993BDE3006E73D7 /* Controllers */ = {
			isa = PBXGroup;
			children = (
				1B71DA222993BDFD006E73D7 /* ChatViewController.swift */,
				1B71DA202993BDFD006E73D7 /* LoginViewController.swift */,
				1B71DA212993BDFD006E73D7 /* RegisterViewController.swift */,
				1B71DA232993BDFD006E73D7 /* WelcomeViewController.swift */,
			);
			path = Controllers;
			sourceTree = "<group>";
		};
		1BA45CE42993C80E00FD55BF /* Models */ = {
			isa = PBXGroup;
			children = (
				1BA45CE52993C82200FD55BF /* Message.swift */,
			);
			name = Models;
			path = Views/Models;
			sourceTree = "<group>";
		};
		4C5D43DE2C95572A766F2B74 /* Frameworks */ = {
			isa = PBXGroup;
			children = (
				A20D09E0A386A4240B41F7F2 /* Pods_Simple_Chat_App.framework */,
			);
			name = Frameworks;
			sourceTree = "<group>";
		};
		9D2FEAA729301C92B3C68CD1 /* Pods */ = {
			isa = PBXGroup;
			children = (
				AB5B0517B24168E4D13A028E /* Pods-Simple Chat App.debug.xcconfig */,
				06FED6EFD2BFE1D8DDD93652 /* Pods-Simple Chat App.release.xcconfig */,
			);
			path = Pods;
			sourceTree = "<group>";
		};
/* End PBXGroup section */

/* Begin PBXNativeTarget section */
		1B5B2AE12993BBAA00DFB5C2 /* Simple Chat App */ = {
			isa = PBXNativeTarget;
			buildConfigurationList = 1B5B2AF62993BBAB00DFB5C2 /* Build configuration list for PBXNativeTarget "Simple Chat App" */;
			buildPhases = (
				9A54DB1633173896B734A1B9 /* [CP] Check Pods Manifest.lock */,
				1B5B2ADE2993BBAA00DFB5C2 /* Sources */,
				1B5B2ADF2993BBAA00DFB5C2 /* Frameworks */,
				1B5B2AE02993BBAA00DFB5C2 /* Resources */,
				9E28BDDE927CCEB6D0F88F2E /* [CP] Embed Pods Frameworks */,
			);
			buildRules = (
			);
			dependencies = (
			);
			name = "Simple Chat App";
			productName = "Simple Chat App";
			productReference = 1B5B2AE22993BBAA00DFB5C2 /* Simple Chat App.app */;
			productType = "com.apple.product-type.application";
		};
/* End PBXNativeTarget section */

/* Begin PBXProject section */
		1B5B2ADA2993BBAA00DFB5C2 /* Project object */ = {
			isa = PBXProject;
			attributes = {
				BuildIndependentTargetsInParallel = 1;
				LastSwiftUpdateCheck = 1420;
				LastUpgradeCheck = 1420;
				TargetAttributes = {
					1B5B2AE12993BBAA00DFB5C2 = {
						CreatedOnToolsVersion = 14.2;
					};
				};
			};
			buildConfigurationList = 1B5B2ADD2993BBAA00DFB5C2 /* Build configuration list for PBXProject "Simple Chat App" */;
			compatibilityVersion = "Xcode 14.0";
			developmentRegion = en;
			hasScannedForEncodings = 0;
			knownRegions = (
				en,
				Base,
			);
			mainGroup = 1B5B2AD92993BBAA00DFB5C2;
			productRefGroup = 1B5B2AE32993BBAA00DFB5C2 /* Products */;
			projectDirPath = "";
			projectRoot = "";
			targets = (
				1B5B2AE12993BBAA00DFB5C2 /* Simple Chat App */,
			);
		};
/* End PBXProject section */

/* Begin PBXResourcesBuildPhase section */
		1B5B2AE02993BBAA00DFB5C2 /* Resources */ = {
			isa = PBXResourcesBuildPhase;
			buildActionMask = 2147483647;
			files = (
				1B5B2AF22993BBAB00DFB5C2 /* LaunchScreen.storyboard in Resources */,
				1B5B2AEF2993BBAB00DFB5C2 /* Assets.xcassets in Resources */,
				1B71DA1C2993BDC5006E73D7 /* Main.storyboard in Resources */,
				1B71DA1E2993BDC5006E73D7 /* MessageCell.xib in Resources */,
				1B5B2B022993BCB300DFB5C2 /* GoogleService-Info.plist in Resources */,
			);
			runOnlyForDeploymentPostprocessing = 0;
		};
/* End PBXResourcesBuildPhase section */

/* Begin PBXShellScriptBuildPhase section */
		9A54DB1633173896B734A1B9 /* [CP] Check Pods Manifest.lock */ = {
			isa = PBXShellScriptBuildPhase;
			buildActionMask = 2147483647;
			files = (
			);
			inputFileListPaths = (
			);
			inputPaths = (
				"${PODS_PODFILE_DIR_PATH}/Podfile.lock",
				"${PODS_ROOT}/Manifest.lock",
			);
			name = "[CP] Check Pods Manifest.lock";
			outputFileListPaths = (
			);
			outputPaths = (
				"$(DERIVED_FILE_DIR)/Pods-Simple Chat App-checkManifestLockResult.txt",
			);
			runOnlyForDeploymentPostprocessing = 0;
			shellPath = /bin/sh;
			shellScript = "diff \"${PODS_PODFILE_DIR_PATH}/Podfile.lock\" \"${PODS_ROOT}/Manifest.lock\" > /dev/null\nif [ $? != 0 ] ; then\n    # print error to STDERR\n    echo \"error: The sandbox is not in sync with the Podfile.lock. Run 'pod install' or update your CocoaPods installation.\" >&2\n    exit 1\nfi\n# This output is used by Xcode 'outputs' to avoid re-running this script phase.\necho \"SUCCESS\" > \"${SCRIPT_OUTPUT_FILE_0}\"\n";
			showEnvVarsInLog = 0;
		};
		9E28BDDE927CCEB6D0F88F2E /* [CP] Embed Pods Frameworks */ = {
			isa = PBXShellScriptBuildPhase;
			buildActionMask = 2147483647;
			files = (
			);
			inputFileListPaths = (
				"${PODS_ROOT}/Target Support Files/Pods-Simple Chat App/Pods-Simple Chat App-frameworks-${CONFIGURATION}-input-files.xcfilelist",
			);
			name = "[CP] Embed Pods Frameworks";
			outputFileListPaths = (
				"${PODS_ROOT}/Target Support Files/Pods-Simple Chat App/Pods-Simple Chat App-frameworks-${CONFIGURATION}-output-files.xcfilelist",
			);
			runOnlyForDeploymentPostprocessing = 0;
			shellPath = /bin/sh;
			shellScript = "\"${PODS_ROOT}/Target Support Files/Pods-Simple Chat App/Pods-Simple Chat App-frameworks.sh\"\n";
			showEnvVarsInLog = 0;
		};
/* End PBXShellScriptBuildPhase section */

/* Begin PBXSourcesBuildPhase section */
		1B5B2ADE2993BBAA00DFB5C2 /* Sources */ = {
			isa = PBXSourcesBuildPhase;
			buildActionMask = 2147483647;
			files = (
				1B71DA272993BDFD006E73D7 /* WelcomeViewController.swift in Sources */,
				1B71DA242993BDFD006E73D7 /* LoginViewController.swift in Sources */,
				1B71DA262993BDFD006E73D7 /* ChatViewController.swift in Sources */,
				1BA45CE62993C82200FD55BF /* Message.swift in Sources */,
				1B71DA252993BDFD006E73D7 /* RegisterViewController.swift in Sources */,
				1B71DA1D2993BDC5006E73D7 /* MessageCell.swift in Sources */,
				1B5B2AE62993BBAA00DFB5C2 /* AppDelegate.swift in Sources */,
				1B5B2AE82993BBAA00DFB5C2 /* SceneDelegate.swift in Sources */,
				1B5B2B052993BD1800DFB5C2 /* Constants.swift in Sources */,
			);
			runOnlyForDeploymentPostprocessing = 0;
		};
/* End PBXSourcesBuildPhase section */

/* Begin PBXVariantGroup section */
		1B5B2AF02993BBAB00DFB5C2 /* LaunchScreen.storyboard */ = {
			isa = PBXVariantGroup;
			children = (
				1B5B2AF12993BBAB00DFB5C2 /* Base */,
			);
			name = LaunchScreen.storyboard;
			sourceTree = "<group>";
		};
/* End PBXVariantGroup section */

/* Begin XCBuildConfiguration section */
		1B5B2AF42993BBAB00DFB5C2 /* Debug */ = {
			isa = XCBuildConfiguration;
			buildSettings = {
				ALWAYS_SEARCH_USER_PATHS = NO;
				CLANG_ANALYZER_NONNULL = YES;
				CLANG_ANALYZER_NUMBER_OBJECT_CONVERSION = YES_AGGRESSIVE;
				CLANG_CXX_LANGUAGE_STANDARD = "gnu++20";
				CLANG_ENABLE_MODULES = YES;
				CLANG_ENABLE_OBJC_ARC = YES;
				CLANG_ENABLE_OBJC_WEAK = YES;
				CLANG_WARN_BLOCK_CAPTURE_AUTORELEASING = YES;
				CLANG_WARN_BOOL_CONVERSION = YES;
				CLANG_WARN_COMMA = YES;
				CLANG_WARN_CONSTANT_CONVERSION = YES;
				CLANG_WARN_DEPRECATED_OBJC_IMPLEMENTATIONS = YES;
				CLANG_WARN_DIRECT_OBJC_ISA_USAGE = YES_ERROR;
				CLANG_WARN_DOCUMENTATION_COMMENTS = YES;
				CLANG_WARN_EMPTY_BODY = YES;
				CLANG_WARN_ENUM_CONVERSION = YES;
				CLANG_WARN_INFINITE_RECURSION = YES;
				CLANG_WARN_INT_CONVERSION = YES;
				CLANG_WARN_NON_LITERAL_NULL_CONVERSION = YES;
				CLANG_WARN_OBJC_IMPLICIT_RETAIN_SELF = YES;
				CLANG_WARN_OBJC_LITERAL_CONVERSION = YES;
				CLANG_WARN_OBJC_ROOT_CLASS = YES_ERROR;
				CLANG_WARN_QUOTED_INCLUDE_IN_FRAMEWORK_HEADER = YES;
				CLANG_WARN_RANGE_LOOP_ANALYSIS = YES;
				CLANG_WARN_STRICT_PROTOTYPES = YES;
				CLANG_WARN_SUSPICIOUS_MOVE = YES;
				CLANG_WARN_UNGUARDED_AVAILABILITY = YES_AGGRESSIVE;
				CLANG_WARN_UNREACHABLE_CODE = YES;
				CLANG_WARN__DUPLICATE_METHOD_MATCH = YES;
				COPY_PHASE_STRIP = NO;
				DEBUG_INFORMATION_FORMAT = dwarf;
				ENABLE_STRICT_OBJC_MSGSEND = YES;
				ENABLE_TESTABILITY = YES;
				GCC_C_LANGUAGE_STANDARD = gnu11;
				GCC_DYNAMIC_NO_PIC = NO;
				GCC_NO_COMMON_BLOCKS = YES;
				GCC_OPTIMIZATION_LEVEL = 0;
				GCC_PREPROCESSOR_DEFINITIONS = (
					"DEBUG=1",
					"$(inherited)",
				);
				GCC_WARN_64_TO_32_BIT_CONVERSION = YES;
				GCC_WARN_ABOUT_RETURN_TYPE = YES_ERROR;
				GCC_WARN_UNDECLARED_SELECTOR = YES;
				GCC_WARN_UNINITIALIZED_AUTOS = YES_AGGRESSIVE;
				GCC_WARN_UNUSED_FUNCTION = YES;
				GCC_WARN_UNUSED_VARIABLE = YES;
				IPHONEOS_DEPLOYMENT_TARGET = 16.2;
				MTL_ENABLE_DEBUG_INFO = INCLUDE_SOURCE;
				MTL_FAST_MATH = YES;
				ONLY_ACTIVE_ARCH = YES;
				SDKROOT = iphoneos;
				SWIFT_ACTIVE_COMPILATION_CONDITIONS = DEBUG;
				SWIFT_OPTIMIZATION_LEVEL = "-Onone";
			};
			name = Debug;
		};
		1B5B2AF52993BBAB00DFB5C2 /* Release */ = {
			isa = XCBuildConfiguration;
			buildSettings = {
				ALWAYS_SEARCH_USER_PATHS = NO;
				CLANG_ANALYZER_NONNULL = YES;
				CLANG_ANALYZER_NUMBER_OBJECT_CONVERSION = YES_AGGRESSIVE;
				CLANG_CXX_LANGUAGE_STANDARD = "gnu++20";
				CLANG_ENABLE_MODULES = YES;
				CLANG_ENABLE_OBJC_ARC = YES;
				CLANG_ENABLE_OBJC_WEAK = YES;
				CLANG_WARN_BLOCK_CAPTURE_AUTORELEASING = YES;
				CLANG_WARN_BOOL_CONVERSION = YES;
				CLANG_WARN_COMMA = YES;
				CLANG_WARN_CONSTANT_CONVERSION = YES;
				CLANG_WARN_DEPRECATED_OBJC_IMPLEMENTATIONS = YES;
				CLANG_WARN_DIRECT_OBJC_ISA_USAGE = YES_ERROR;
				CLANG_WARN_DOCUMENTATION_COMMENTS = YES;
				CLANG_WARN_EMPTY_BODY = YES;
				CLANG_WARN_ENUM_CONVERSION = YES;
				CLANG_WARN_INFINITE_RECURSION = YES;
				CLANG_WARN_INT_CONVERSION = YES;
				CLANG_WARN_NON_LITERAL_NULL_CONVERSION = YES;
				CLANG_WARN_OBJC_IMPLICIT_RETAIN_SELF = YES;
				CLANG_WARN_OBJC_LITERAL_CONVERSION = YES;
				CLANG_WARN_OBJC_ROOT_CLASS = YES_ERROR;
				CLANG_WARN_QUOTED_INCLUDE_IN_FRAMEWORK_HEADER = YES;
				CLANG_WARN_RANGE_LOOP_ANALYSIS = YES;
				CLANG_WARN_STRICT_PROTOTYPES = YES;
				CLANG_WARN_SUSPICIOUS_MOVE = YES;
				CLANG_WARN_UNGUARDED_AVAILABILITY = YES_AGGRESSIVE;
				CLANG_WARN_UNREACHABLE_CODE = YES;
				CLANG_WARN__DUPLICATE_METHOD_MATCH = YES;
				COPY_PHASE_STRIP = NO;
				DEBUG_INFORMATION_FORMAT = "dwarf-with-dsym";
				ENABLE_NS_ASSERTIONS = NO;
				ENABLE_STRICT_OBJC_MSGSEND = YES;
				GCC_C_LANGUAGE_STANDARD = gnu11;
				GCC_NO_COMMON_BLOCKS = YES;
				GCC_WARN_64_TO_32_BIT_CONVERSION = YES;
				GCC_WARN_ABOUT_RETURN_TYPE = YES_ERROR;
				GCC_WARN_UNDECLARED_SELECTOR = YES;
				GCC_WARN_UNINITIALIZED_AUTOS = YES_AGGRESSIVE;
				GCC_WARN_UNUSED_FUNCTION = YES;
				GCC_WARN_UNUSED_VARIABLE = YES;
				IPHONEOS_DEPLOYMENT_TARGET = 16.2;
				MTL_ENABLE_DEBUG_INFO = NO;
				MTL_FAST_MATH = YES;
				SDKROOT = iphoneos;
				SWIFT_COMPILATION_MODE = wholemodule;
				SWIFT_OPTIMIZATION_LEVEL = "-O";
				VALIDATE_PRODUCT = YES;
			};
			name = Release;
		};
		1B5B2AF72993BBAB00DFB5C2 /* Debug */ = {
			isa = XCBuildConfiguration;
			baseConfigurationReference = AB5B0517B24168E4D13A028E /* Pods-Simple Chat App.debug.xcconfig */;
			buildSettings = {
				ASSETCATALOG_COMPILER_APPICON_NAME = AppIcon;
				ASSETCATALOG_COMPILER_GLOBAL_ACCENT_COLOR_NAME = AccentColor;
				CODE_SIGN_STYLE = Automatic;
				CURRENT_PROJECT_VERSION = 1;
				DEVELOPMENT_TEAM = 928D3BZ374;
				GENERATE_INFOPLIST_FILE = YES;
				INFOPLIST_FILE = "Simple Chat App/Info.plist";
				INFOPLIST_KEY_UIApplicationSupportsIndirectInputEvents = YES;
				INFOPLIST_KEY_UILaunchStoryboardName = LaunchScreen;
				INFOPLIST_KEY_UIMainStoryboardFile = Main;
				INFOPLIST_KEY_UISupportedInterfaceOrientations_iPad = "UIInterfaceOrientationPortrait UIInterfaceOrientationPortraitUpsideDown UIInterfaceOrientationLandscapeLeft UIInterfaceOrientationLandscapeRight";
				INFOPLIST_KEY_UISupportedInterfaceOrientations_iPhone = "UIInterfaceOrientationPortrait UIInterfaceOrientationLandscapeLeft UIInterfaceOrientationLandscapeRight";
				LD_RUNPATH_SEARCH_PATHS = (
					"$(inherited)",
					"@executable_path/Frameworks",
				);
				MARKETING_VERSION = 1.0;
				PRODUCT_BUNDLE_IDENTIFIER = "com.nstukalo.Simple-Chat-App";
				PRODUCT_NAME = "$(TARGET_NAME)";
				SWIFT_EMIT_LOC_STRINGS = YES;
				SWIFT_VERSION = 5.0;
				TARGETED_DEVICE_FAMILY = "1,2";
			};
			name = Debug;
		};
		1B5B2AF82993BBAB00DFB5C2 /* Release */ = {
			isa = XCBuildConfiguration;
			baseConfigurationReference = 06FED6EFD2BFE1D8DDD93652 /* Pods-Simple Chat App.release.xcconfig */;
			buildSettings = {
				ASSETCATALOG_COMPILER_APPICON_NAME = AppIcon;
				ASSETCATALOG_COMPILER_GLOBAL_ACCENT_COLOR_NAME = AccentColor;
				CODE_SIGN_STYLE = Automatic;
				CURRENT_PROJECT_VERSION = 1;
				DEVELOPMENT_TEAM = 928D3BZ374;
				GENERATE_INFOPLIST_FILE = YES;
				INFOPLIST_FILE = "Simple Chat App/Info.plist";
				INFOPLIST_KEY_UIApplicationSupportsIndirectInputEvents = YES;
				INFOPLIST_KEY_UILaunchStoryboardName = LaunchScreen;
				INFOPLIST_KEY_UIMainStoryboardFile = Main;
				INFOPLIST_KEY_UISupportedInterfaceOrientations_iPad = "UIInterfaceOrientationPortrait UIInterfaceOrientationPortraitUpsideDown UIInterfaceOrientationLandscapeLeft UIInterfaceOrientationLandscapeRight";
				INFOPLIST_KEY_UISupportedInterfaceOrientations_iPhone = "UIInterfaceOrientationPortrait UIInterfaceOrientationLandscapeLeft UIInterfaceOrientationLandscapeRight";
				LD_RUNPATH_SEARCH_PATHS = (
					"$(inherited)",
					"@executable_path/Frameworks",
				);
				MARKETING_VERSION = 1.0;
				PRODUCT_BUNDLE_IDENTIFIER = "com.nstukalo.Simple-Chat-App";
				PRODUCT_NAME = "$(TARGET_NAME)";
				SWIFT_EMIT_LOC_STRINGS = YES;
				SWIFT_VERSION = 5.0;
				TARGETED_DEVICE_FAMILY = "1,2";
			};
			name = Release;
		};
/* End XCBuildConfiguration section */

/* Begin XCConfigurationList section */
		1B5B2ADD2993BBAA00DFB5C2 /* Build configuration list for PBXProject "Simple Chat App" */ = {
			isa = XCConfigurationList;
			buildConfigurations = (
				1B5B2AF42993BBAB00DFB5C2 /* Debug */,
				1B5B2AF52993BBAB00DFB5C2 /* Release */,
			);
			defaultConfigurationIsVisible = 0;
			defaultConfigurationName = Release;
		};
		1B5B2AF62993BBAB00DFB5C2 /* Build configuration list for PBXNativeTarget "Simple Chat App" */ = {
			isa = XCConfigurationList;
			buildConfigurations = (
				1B5B2AF72993BBAB00DFB5C2 /* Debug */,
				1B5B2AF82993BBAB00DFB5C2 /* Release */,
			);
			defaultConfigurationIsVisible = 0;
			defaultConfigurationName = Release;
		};
/* End XCConfigurationList section */
	};
	rootObject = 1B5B2ADA2993BBAA00DFB5C2 /* Project object */;
}
